
Microsoft Visual Studio Solution File, Format Version 12.00
# Visual Studio 15
VisualStudioVersion = 15.0.28010.2003
MinimumVisualStudioVersion = 10.0.40219.1
Project("{FAE04EC0-301F-11D3-BF4B-00C04F79EFBC}") = "BSTtree", "BSTtree\BSTtree.csproj", "{24033AE6-C236-4F24-8E03-B3498EFFF21E}"
EndProject
Global
	GlobalSection(SolutionConfigurationPlatforms) = preSolution
		Debug|Any CPU = Debug|Any CPU
		Release|Any CPU = Release|Any CPU
	EndGlobalSection
	GlobalSection(ProjectConfigurationPlatforms) = postSolution
		{24033AE6-C236-4F24-8E03-B3498EFFF21E}.Debug|Any CPU.ActiveCfg = Debug|Any CPU
		{24033AE6-C236-4F24-8E03-B3498EFFF21E}.Debug|Any CPU.Build.0 = Debug|Any CPU
		{24033AE6-C236-4F24-8E03-B3498EFFF21E}.Release|Any CPU.ActiveCfg = Release|Any CPU
		{24033AE6-C236-4F24-8E03-B3498EFFF21E}.Release|Any CPU.Build.0 = Release|Any CPU
	EndGlobalSection
	GlobalSection(SolutionProperties) = preSolution
		HideSolutionNode = FALSE
	EndGlobalSection
	GlobalSection(ExtensibilityGlobals) = postSolution
		SolutionGuid = {A19B6839-7F8D-4928-9E07-1A4B6E588DB0}
	EndGlobalSection
EndGlobal
